
Microsoft Visual Studio Solution File, Format Version 12.00
# Visual Studio 15
VisualStudioVersion = 15.0.28307.1259
MinimumVisualStudioVersion = 10.0.40219.1
Project("{8BC9CEB8-8B4A-11D0-8D11-00A0C91BC942}") = "QRenCodeLib", "QRenCodeLib\QRenCodeLib.vcxproj", "{D52FBAD0-2752-46ED-AA9A-D843488E897A}"
EndProject
Project("{8BC9CEB8-8B4A-11D0-8D11-00A0C91BC942}") = "QtRenCode", "QtRenCode\QtRenCode.vcxproj", "{66CEB62D-A862-484F-863D-4005191B0AB0}"
	ProjectSection(ProjectDependencies) = postProject
		{D52FBAD0-2752-46ED-AA9A-D843488E897A} = {D52FBAD0-2752-46ED-AA9A-D843488E897A}
	EndProjectSection
EndProject
Global
	GlobalSection(SolutionConfigurationPlatforms) = preSolution
		Debug|x64 = Debug|x64
		Debug|x86 = Debug|x86
		Release|x64 = Release|x64
		Release|x86 = Release|x86
	EndGlobalSection
	GlobalSection(ProjectConfigurationPlatforms) = postSolution
		{D52FBAD0-2752-46ED-AA9A-D843488E897A}.Debug|x64.ActiveCfg = Debug|x64
		{D52FBAD0-2752-46ED-AA9A-D843488E897A}.Debug|x64.Build.0 = Debug|x64
		{D52FBAD0-2752-46ED-AA9A-D843488E897A}.Debug|x86.ActiveCfg = Debug|Win32
		{D52FBAD0-2752-46ED-AA9A-D843488E897A}.Debug|x86.Build.0 = Debug|Win32
		{D52FBAD0-2752-46ED-AA9A-D843488E897A}.Release|x64.ActiveCfg = Release|x64
		{D52FBAD0-2752-46ED-AA9A-D843488E897A}.Release|x64.Build.0 = Release|x64
		{D52FBAD0-2752-46ED-AA9A-D843488E897A}.Release|x86.ActiveCfg = Release|Win32
		{D52FBAD0-2752-46ED-AA9A-D843488E897A}.Release|x86.Build.0 = Release|Win32
		{66CEB62D-A862-484F-863D-4005191B0AB0}.Debug|x64.ActiveCfg = Debug|x64
		{66CEB62D-A862-484F-863D-4005191B0AB0}.Debug|x64.Build.0 = Debug|x64
		{66CEB62D-A862-484F-863D-4005191B0AB0}.Debug|x86.ActiveCfg = Debug|x64
		{66CEB62D-A862-484F-863D-4005191B0AB0}.Release|x64.ActiveCfg = Release|x64
		{66CEB62D-A862-484F-863D-4005191B0AB0}.Release|x64.Build.0 = Release|x64
		{66CEB62D-A862-484F-863D-4005191B0AB0}.Release|x86.ActiveCfg = Release|x64
	EndGlobalSection
	GlobalSection(SolutionProperties) = preSolution
		HideSolutionNode = FALSE
	EndGlobalSection
	GlobalSection(ExtensibilityGlobals) = postSolution
		SolutionGuid = {39F6DAEC-F3DF-4C32-A1F5-7C9F3C3D42A0}
	EndGlobalSection
EndGlobal
